
Microsoft Visual Studio Solution File, Format Version 12.00
# Visual Studio Version 17
VisualStudioVersion = 17.0.31903.59
MinimumVisualStudioVersion = 10.0.40219.1
Project("{2150E333-8FDC-42A3-9474-1A3956D46DE8}") = "src", "src", "{827E0CD3-B72D-47B6-A68D-7590B98EB39B}"
EndProject
Project("{FAE04EC0-301F-11D3-BF4B-00C04F79EFBC}") = "QueryBuilderSpecs", "src\QueryBuilderSpecs.csproj", "{864DFBB4-6EFC-4800-9BAF-08BDC362FF67}"
EndProject
Project("{2150E333-8FDC-42A3-9474-1A3956D46DE8}") = "samples", "samples", "{5D20AA90-6969-D8BD-9DCD-8634F4692FDA}"
EndProject
Project("{FAE04EC0-301F-11D3-BF4B-00C04F79EFBC}") = "SampleWebApp", "samples\SampleWebApp\SampleWebApp.csproj", "{3747D388-1038-423A-9008-9920BF3E3240}"
EndProject
Global
	GlobalSection(SolutionConfigurationPlatforms) = preSolution
		Debug|Any CPU = Debug|Any CPU
		Debug|x64 = Debug|x64
		Debug|x86 = Debug|x86
		Release|Any CPU = Release|Any CPU
		Release|x64 = Release|x64
		Release|x86 = Release|x86
	EndGlobalSection
	GlobalSection(ProjectConfigurationPlatforms) = postSolution
		{864DFBB4-6EFC-4800-9BAF-08BDC362FF67}.Debug|Any CPU.ActiveCfg = Debug|Any CPU
		{864DFBB4-6EFC-4800-9BAF-08BDC362FF67}.Debug|Any CPU.Build.0 = Debug|Any CPU
		{864DFBB4-6EFC-4800-9BAF-08BDC362FF67}.Debug|x64.ActiveCfg = Debug|Any CPU
		{864DFBB4-6EFC-4800-9BAF-08BDC362FF67}.Debug|x64.Build.0 = Debug|Any CPU
		{864DFBB4-6EFC-4800-9BAF-08BDC362FF67}.Debug|x86.ActiveCfg = Debug|Any CPU
		{864DFBB4-6EFC-4800-9BAF-08BDC362FF67}.Debug|x86.Build.0 = Debug|Any CPU
		{864DFBB4-6EFC-4800-9BAF-08BDC362FF67}.Release|Any CPU.ActiveCfg = Release|Any CPU
		{864DFBB4-6EFC-4800-9BAF-08BDC362FF67}.Release|Any CPU.Build.0 = Release|Any CPU
		{864DFBB4-6EFC-4800-9BAF-08BDC362FF67}.Release|x64.ActiveCfg = Release|Any CPU
		{864DFBB4-6EFC-4800-9BAF-08BDC362FF67}.Release|x64.Build.0 = Release|Any CPU
		{864DFBB4-6EFC-4800-9BAF-08BDC362FF67}.Release|x86.ActiveCfg = Release|Any CPU
		{864DFBB4-6EFC-4800-9BAF-08BDC362FF67}.Release|x86.Build.0 = Release|Any CPU
		{3747D388-1038-423A-9008-9920BF3E3240}.Debug|Any CPU.ActiveCfg = Debug|Any CPU
		{3747D388-1038-423A-9008-9920BF3E3240}.Debug|Any CPU.Build.0 = Debug|Any CPU
		{3747D388-1038-423A-9008-9920BF3E3240}.Debug|x64.ActiveCfg = Debug|Any CPU
		{3747D388-1038-423A-9008-9920BF3E3240}.Debug|x64.Build.0 = Debug|Any CPU
		{3747D388-1038-423A-9008-9920BF3E3240}.Debug|x86.ActiveCfg = Debug|Any CPU
		{3747D388-1038-423A-9008-9920BF3E3240}.Debug|x86.Build.0 = Debug|Any CPU
		{3747D388-1038-423A-9008-9920BF3E3240}.Release|Any CPU.ActiveCfg = Release|Any CPU
		{3747D388-1038-423A-9008-9920BF3E3240}.Release|Any CPU.Build.0 = Release|Any CPU
		{3747D388-1038-423A-9008-9920BF3E3240}.Release|x64.ActiveCfg = Release|Any CPU
		{3747D388-1038-423A-9008-9920BF3E3240}.Release|x64.Build.0 = Release|Any CPU
		{3747D388-1038-423A-9008-9920BF3E3240}.Release|x86.ActiveCfg = Release|Any CPU
		{3747D388-1038-423A-9008-9920BF3E3240}.Release|x86.Build.0 = Release|Any CPU
	EndGlobalSection
	GlobalSection(SolutionProperties) = preSolution
		HideSolutionNode = FALSE
	EndGlobalSection
	GlobalSection(NestedProjects) = preSolution
		{864DFBB4-6EFC-4800-9BAF-08BDC362FF67} = {827E0CD3-B72D-47B6-A68D-7590B98EB39B}
		{3747D388-1038-423A-9008-9920BF3E3240} = {5D20AA90-6969-D8BD-9DCD-8634F4692FDA}
	EndGlobalSection
EndGlobal
